
Microsoft Visual Studio Solution File, Format Version 12.00
# Visual Studio Version 16
VisualStudioVersion = 16.0.29728.190
MinimumVisualStudioVersion = 10.0.40219.1
Project("{FAE04EC0-301F-11D3-BF4B-00C04F79EFBC}") = "Wawa_Touchscreen", "Wawa_Touchscreen\Wawa_Touchscreen.csproj", "{03202FCF-C5BD-497F-A6A4-BFEED3137778}"
EndProject
Global
	GlobalSection(SolutionConfigurationPlatforms) = preSolution
		Debug|Any CPU = Debug|Any CPU
		Release|Any CPU = Release|Any CPU
	EndGlobalSection
	GlobalSection(ProjectConfigurationPlatforms) = postSolution
		{03202FCF-C5BD-497F-A6A4-BFEED3137778}.Debug|Any CPU.ActiveCfg = Debug|Any CPU
		{03202FCF-C5BD-497F-A6A4-BFEED3137778}.Debug|Any CPU.Build.0 = Debug|Any CPU
		{03202FCF-C5BD-497F-A6A4-BFEED3137778}.Release|Any CPU.ActiveCfg = Release|Any CPU
		{03202FCF-C5BD-497F-A6A4-BFEED3137778}.Release|Any CPU.Build.0 = Release|Any CPU
	EndGlobalSection
	GlobalSection(SolutionProperties) = preSolution
		HideSolutionNode = FALSE
	EndGlobalSection
	GlobalSection(ExtensibilityGlobals) = postSolution
		SolutionGuid = {EB5AE17A-632C-4E56-9D06-37A7AB7CF68C}
	EndGlobalSection
EndGlobal
